<?xml version="1.0" encoding="utf-8"?>
<Project ToolsVersion="4.0" xmlns="http://schemas.microsoft.com/developer/msbuild/2003">
  <ItemGroup>
    <Filter Include="www">
      <UniqueIdentifier>{87601e1d-14a9-4d3e-b004-9b84c8b153b9}</UniqueIdentifier>
    </Filter>
    <Filter Include="http">
      <UniqueIdentifier>{4FC737F1-C7A5-4376-A066-2A32D752A2FF}</UniqueIdentifier>
      <Extensions>cpp;c;cc;cxx;c++;cppm;ixx;def;odl;idl;hpj;bat;asm;asmx</Extensions>
    </Filter>
    <Filter Include="http\头文件">
      <UniqueIdentifier>{93995380-89BD-4b04-88EB-625FBE52EBFB}</UniqueIdentifier>
      <Extensions>h;hh;hpp;hxx;h++;hm;inl;inc;ipp;xsd</Extensions>
    </Filter>
    <Filter Include="www\css">
      <UniqueIdentifier>{0b152347-719e-4b25-8f27-2c622bdae4ed}</UniqueIdentifier>
    </Filter>
    <Filter Include="www\js">
      <UniqueIdentifier>{66409acd-ced6-4c7a-891d-f92713142080}</UniqueIdentifier>
    </Filter>
    <Filter Include="CJSON">
      <UniqueIdentifier>{b5d6a7ef-4740-4e31-ae25-6c090f1884da}</UniqueIdentifier>
    </Filter>
  </ItemGroup>
  <ItemGroup>
    <ClCompile Include="HTTP.cpp">
      <Filter>http</Filter>
    </ClCompile>
    <ClCompile Include="HTTP.h">
      <Filter>http\头文件</Filter>
    </ClCompile>
    <ClCompile Include="HTTPSCLENT.cpp">
      <Filter>http</Filter>
    </ClCompile>
    <ClCompile Include="cJSON\cJSON.c">
      <Filter>CJSON</Filter>
    </ClCompile>
    <ClCompile Include="main.cpp" />
    <ClCompile Include="User.cpp" />
  </ItemGroup>
  <ItemGroup>
    <ClInclude Include="config.h">
      <Filter>http\头文件</Filter>
    </ClInclude>
    <ClInclude Include="HTTPSCLIENT.h">
      <Filter>http\头文件</Filter>
    </ClInclude>
    <ClInclude Include="cJSON\cJSON.h">
      <Filter>CJSON</Filter>
    </ClInclude>
    <ClInclude Include="User.h" />
    <ClInclude Include="resource.h">
      <Filter>http\头文件</Filter>
    </ClInclude>
  </ItemGroup>
  <ItemGroup>
    <None Include="www\index.html">
      <Filter>www</Filter>
    </None>
    <None Include="www\css\style.css">
      <Filter>www\css</Filter>
    </None>
    <None Include="www\js\script.js">
      <Filter>www\js</Filter>
    </None>
  </ItemGroup>
  <ItemGroup>
    <Text Include="user\user.txt" />
  </ItemGroup>
  <ItemGroup>
    <ResourceCompile Include="Codeforce Rating Clawer-2026.rc" />
  </ItemGroup>
  <ItemGroup>
    <Image Include="favicon.ico" />
  </ItemGroup>
</Project>